{
    "requires": true,
    "lockfileVersion": 1,
    "dependencies": {
        "jquery": {
            "version": "3.2.1",
            "resolved": "https://registry.npmjs.org/jquery/-/jquery-3.2.1.tgz",
            "integrity": "sha1-XE2d5lKvbNCncBVKYxu6ErAVx4c=",
            "dev": true
        },
        "popper.js": {
            "version": "1.12.5",
            "resolved": "https://registry.npmjs.org/popper.js/-/popper.js-1.12.5.tgz",
            "integrity": "sha512-6R2eXIy1xYukMNutoD+y/Gj0IpjEQhivyZonm5Vz0Fp8jdc7kvheKCvpM/t+PxqKb7VbLVnvPVEdTyslEb7f6w=="
        }
    }
}
